
Microsoft Visual Studio Solution File, Format Version 12.00
# Visual Studio 15
Project("{FAE04EC0-301F-11D3-BF4B-00C04F79EFBC}") = "Assembly-CSharp", "Assembly-CSharp.csproj", "{13EC94B3-1DCF-7DB4-C77C-A06B353C75AA}"
EndProject
Project("{FAE04EC0-301F-11D3-BF4B-00C04F79EFBC}") = "Assembly-CSharp-firstpass", "Assembly-CSharp-firstpass.csproj", "{5C1F7208-503D-EAD3-B70A-F38C69684F33}"
EndProject
Global
	GlobalSection(SolutionConfigurationPlatforms) = preSolution
		Debug|Any CPU = Debug|Any CPU
		Release|Any CPU = Release|Any CPU
	EndGlobalSection
	GlobalSection(ProjectConfigurationPlatforms) = postSolution
		{13EC94B3-1DCF-7DB4-C77C-A06B353C75AA}.Debug|Any CPU.ActiveCfg = Debug|Any CPU
		{13EC94B3-1DCF-7DB4-C77C-A06B353C75AA}.Debug|Any CPU.Build.0 = Debug|Any CPU
		{13EC94B3-1DCF-7DB4-C77C-A06B353C75AA}.Release|Any CPU.ActiveCfg = Release|Any CPU
		{13EC94B3-1DCF-7DB4-C77C-A06B353C75AA}.Release|Any CPU.Build.0 = Release|Any CPU
		{5C1F7208-503D-EAD3-B70A-F38C69684F33}.Debug|Any CPU.ActiveCfg = Debug|Any CPU
		{5C1F7208-503D-EAD3-B70A-F38C69684F33}.Debug|Any CPU.Build.0 = Debug|Any CPU
		{5C1F7208-503D-EAD3-B70A-F38C69684F33}.Release|Any CPU.ActiveCfg = Release|Any CPU
		{5C1F7208-503D-EAD3-B70A-F38C69684F33}.Release|Any CPU.Build.0 = Release|Any CPU
	EndGlobalSection
	GlobalSection(SolutionProperties) = preSolution
		HideSolutionNode = FALSE
	EndGlobalSection
EndGlobal
